
Microsoft Visual Studio Solution File, Format Version 12.00
# Visual Studio Version 17
VisualStudioVersion = 17.9.34714.143
MinimumVisualStudioVersion = 10.0.40219.1
Project("{FAE04EC0-301F-11D3-BF4B-00C04F79EFBC}") = "GerencidorDeEventos", "GerencidorDeEventos\GerencidorDeEventos.csproj", "{39FF4C89-3AC2-4883-BE30-B515D9523C9D}"
EndProject
Global
	GlobalSection(SolutionConfigurationPlatforms) = preSolution
		Debug|Any CPU = Debug|Any CPU
		Release|Any CPU = Release|Any CPU
	EndGlobalSection
	GlobalSection(ProjectConfigurationPlatforms) = postSolution
		{39FF4C89-3AC2-4883-BE30-B515D9523C9D}.Debug|Any CPU.ActiveCfg = Debug|Any CPU
		{39FF4C89-3AC2-4883-BE30-B515D9523C9D}.Debug|Any CPU.Build.0 = Debug|Any CPU
		{39FF4C89-3AC2-4883-BE30-B515D9523C9D}.Release|Any CPU.ActiveCfg = Release|Any CPU
		{39FF4C89-3AC2-4883-BE30-B515D9523C9D}.Release|Any CPU.Build.0 = Release|Any CPU
	EndGlobalSection
	GlobalSection(SolutionProperties) = preSolution
		HideSolutionNode = FALSE
	EndGlobalSection
	GlobalSection(ExtensibilityGlobals) = postSolution
		SolutionGuid = {C7CCA67C-1A7C-4EE2-8733-1D0926B686E3}
	EndGlobalSection
EndGlobal
